Microsoft Visual Studio Solution File, Format Version 11.00
# Visual Studio 2010
Project("{8BC9CEB8-8B4A-11D0-8D11-00A0C91BC942}") = "ALL_BUILD", "ALL_BUILD.vcxproj", "{373CA5F6-5B6C-44B9-A5A9-B4B561A27E57}"
	ProjectSection(ProjectDependencies) = postProject
		{7AF357A8-4C6B-4E1D-B242-4A1B226D64FA} = {7AF357A8-4C6B-4E1D-B242-4A1B226D64FA}
		{5FD03F2F-CCFC-417B-AB68-168241B4EED5} = {5FD03F2F-CCFC-417B-AB68-168241B4EED5}
		{81DA83E5-D460-4144-A6DC-EC98CA362255} = {81DA83E5-D460-4144-A6DC-EC98CA362255}
	EndProjectSection
EndProject
Project("{8BC9CEB8-8B4A-11D0-8D11-00A0C91BC942}") = "INSTALL", "INSTALL.vcxproj", "{FA6B1300-DE26-4D1C-92EA-73437BB12B7E}"
	ProjectSection(ProjectDependencies) = postProject
		{373CA5F6-5B6C-44B9-A5A9-B4B561A27E57} = {373CA5F6-5B6C-44B9-A5A9-B4B561A27E57}
	EndProjectSection
EndProject
Project("{8BC9CEB8-8B4A-11D0-8D11-00A0C91BC942}") = "PACKAGE", "PACKAGE.vcxproj", "{5C016534-EBB1-4A5C-9B8F-1CC6C75F6EBC}"
	ProjectSection(ProjectDependencies) = postProject
		{373CA5F6-5B6C-44B9-A5A9-B4B561A27E57} = {373CA5F6-5B6C-44B9-A5A9-B4B561A27E57}
	EndProjectSection
EndProject
Project("{8BC9CEB8-8B4A-11D0-8D11-00A0C91BC942}") = "Penkobu", "src\Penkobu.vcxproj", "{7AF357A8-4C6B-4E1D-B242-4A1B226D64FA}"
	ProjectSection(ProjectDependencies) = postProject
		{81DA83E5-D460-4144-A6DC-EC98CA362255} = {81DA83E5-D460-4144-A6DC-EC98CA362255}
	EndProjectSection
EndProject
Project("{8BC9CEB8-8B4A-11D0-8D11-00A0C91BC942}") = "PenkobuComp", "src\PenkobuComp.vcxproj", "{5FD03F2F-CCFC-417B-AB68-168241B4EED5}"
	ProjectSection(ProjectDependencies) = postProject
		{81DA83E5-D460-4144-A6DC-EC98CA362255} = {81DA83E5-D460-4144-A6DC-EC98CA362255}
	EndProjectSection
EndProject
Project("{8BC9CEB8-8B4A-11D0-8D11-00A0C91BC942}") = "ZERO_CHECK", "ZERO_CHECK.vcxproj", "{81DA83E5-D460-4144-A6DC-EC98CA362255}"
	ProjectSection(ProjectDependencies) = postProject
	EndProjectSection
EndProject
Project("{8BC9CEB8-8B4A-11D0-8D11-00A0C91BC942}") = "doxygen_doc", "doc\doxygen_doc.vcxproj", "{49F3DF68-2B67-486B-AF45-B0EC013093EA}"
	ProjectSection(ProjectDependencies) = postProject
		{81DA83E5-D460-4144-A6DC-EC98CA362255} = {81DA83E5-D460-4144-A6DC-EC98CA362255}
	EndProjectSection
EndProject
Project("{8BC9CEB8-8B4A-11D0-8D11-00A0C91BC942}") = "uninstall", "uninstall.vcxproj", "{D881AE6D-6345-4491-AF18-79B9CB6BF6C2}"
	ProjectSection(ProjectDependencies) = postProject
		{81DA83E5-D460-4144-A6DC-EC98CA362255} = {81DA83E5-D460-4144-A6DC-EC98CA362255}
	EndProjectSection
EndProject
Global
	GlobalSection(SolutionConfigurationPlatforms) = preSolution
		Debug|Win32 = Debug|Win32
		Release|Win32 = Release|Win32
	EndGlobalSection
	GlobalSection(ProjectConfigurationPlatforms) = postSolution
		{373CA5F6-5B6C-44B9-A5A9-B4B561A27E57}.Debug|Win32.ActiveCfg = Debug|Win32
		{373CA5F6-5B6C-44B9-A5A9-B4B561A27E57}.Debug|Win32.Build.0 = Debug|Win32
		{373CA5F6-5B6C-44B9-A5A9-B4B561A27E57}.Release|Win32.ActiveCfg = Release|Win32
		{373CA5F6-5B6C-44B9-A5A9-B4B561A27E57}.Release|Win32.Build.0 = Release|Win32
		{FA6B1300-DE26-4D1C-92EA-73437BB12B7E}.Debug|Win32.ActiveCfg = Debug|Win32
		{FA6B1300-DE26-4D1C-92EA-73437BB12B7E}.Release|Win32.ActiveCfg = Release|Win32
		{5C016534-EBB1-4A5C-9B8F-1CC6C75F6EBC}.Debug|Win32.ActiveCfg = Debug|Win32
		{5C016534-EBB1-4A5C-9B8F-1CC6C75F6EBC}.Release|Win32.ActiveCfg = Release|Win32
		{7AF357A8-4C6B-4E1D-B242-4A1B226D64FA}.Debug|Win32.ActiveCfg = Debug|Win32
		{7AF357A8-4C6B-4E1D-B242-4A1B226D64FA}.Debug|Win32.Build.0 = Debug|Win32
		{7AF357A8-4C6B-4E1D-B242-4A1B226D64FA}.Release|Win32.ActiveCfg = Release|Win32
		{7AF357A8-4C6B-4E1D-B242-4A1B226D64FA}.Release|Win32.Build.0 = Release|Win32
		{5FD03F2F-CCFC-417B-AB68-168241B4EED5}.Debug|Win32.ActiveCfg = Debug|Win32
		{5FD03F2F-CCFC-417B-AB68-168241B4EED5}.Debug|Win32.Build.0 = Debug|Win32
		{5FD03F2F-CCFC-417B-AB68-168241B4EED5}.Release|Win32.ActiveCfg = Release|Win32
		{5FD03F2F-CCFC-417B-AB68-168241B4EED5}.Release|Win32.Build.0 = Release|Win32
		{81DA83E5-D460-4144-A6DC-EC98CA362255}.Debug|Win32.ActiveCfg = Debug|Win32
		{81DA83E5-D460-4144-A6DC-EC98CA362255}.Debug|Win32.Build.0 = Debug|Win32
		{81DA83E5-D460-4144-A6DC-EC98CA362255}.Release|Win32.ActiveCfg = Release|Win32
		{81DA83E5-D460-4144-A6DC-EC98CA362255}.Release|Win32.Build.0 = Release|Win32
		{49F3DF68-2B67-486B-AF45-B0EC013093EA}.Debug|Win32.ActiveCfg = Debug|Win32
		{49F3DF68-2B67-486B-AF45-B0EC013093EA}.Release|Win32.ActiveCfg = Release|Win32
		{D881AE6D-6345-4491-AF18-79B9CB6BF6C2}.Debug|Win32.ActiveCfg = Debug|Win32
		{D881AE6D-6345-4491-AF18-79B9CB6BF6C2}.Release|Win32.ActiveCfg = Release|Win32
	EndGlobalSection
	GlobalSection(ExtensibilityGlobals) = postSolution
	EndGlobalSection
	GlobalSection(ExtensibilityAddIns) = postSolution
	EndGlobalSection
EndGlobal
